# This file is generated by `zrail update`; do not edit by hand.
schema = 3
semantics = 4
producer = "0.0.3-rc.5"
contract_sha256 = "cdb54337ffe0ba3fb2a75dde376971356cb9a930a7e8c6e07268d219a3d43798"
ratchet = []

[analysis]
inventory_sha256 = "8b979fd495c8056a1fb06e10da34f5f05c320de5353d9fee807920e01a2e2df9"
exclusions_sha256 = "e3b0c44298fc1c149afbf4c8996fb92427ae41e4649b934ca495991b7852b855"
cargo_lock_sha256 = "cf4cc2232f0fb9963334d06b2b6a5f2a3bad167393361685ef0859d0e3777aa0"
cargo_features_sha256 = "33c0367bc1eac16334324514dba138d7d7608247f2cd4b3663b1e0133ad3deb6"
feature_worlds_sha256 = "fb1b90e7a142562c451c462dc6abe2c29ee3942edb81baf97a5dd72f6a72aff4"
feature_worlds = 3
packages = 4
targets = 5
physical_rust_files = 279
base_source_contexts = 1197
derived_source_contexts = 0
source_facts = 79741
projection_queries = 1471024
projected_facts = 13
unresolved_bindings = 0
analyzer_semantics = 4

[[analysis.contract_source]]
path = "zrail.toml"
sha256 = "ba5df26a64b979f56c5ac90f1d8d28ece45800480b21310ec817a357b4d6c462"

[[package]]
name = "vthread"

[[package.dependency]]
alias = "libc"
name = "libc"
kind = "normal"
scope = "external"
optional = false
default_features = true

[package.dependency.source]
kind = "registry"
requirement = "=0.2.189"

[[package.dependency]]
alias = "socket2"
name = "socket2"
kind = "normal"
scope = "external"
optional = false
default_features = false

[package.dependency.source]
kind = "registry"
requirement = "=0.6.5"

[[package.dependency]]
alias = "vthread-stack"
name = "vthread-stack"
crate_root = "vthread_stack"
kind = "normal"
scope = "internal"
optional = false
default_features = true

[package.dependency.source]
kind = "workspace-member"
directory = "crates/vthread-stack"
requirement = "=0.0.2-rc.1"

[[package.dependency]]
alias = "zio"
name = "zio"
kind = "normal"
scope = "external"
optional = false
default_features = false

[package.dependency.source]
kind = "registry"
requirement = "=0.0.1-dev.1"

[[package]]
name = "vthread-lab"

[[package.dependency]]
alias = "vthread"
name = "vthread"
crate_root = "vthread"
kind = "normal"
scope = "internal"
optional = false
default_features = true

[package.dependency.source]
kind = "workspace-member"
directory = "crates/vthread"
requirement = "=0.0.2-rc.1"

[[package]]
name = "vthread-stack"

[[package.dependency]]
alias = "corosensei"
name = "corosensei"
kind = "normal"
scope = "external"
optional = false
default_features = true

[package.dependency.source]
kind = "registry"
requirement = "=0.3.4"

[[package]]
name = "vthreads"

[[package.dependency]]
alias = "vthread"
name = "vthread"
crate_root = "vthread"
kind = "normal"
scope = "internal"
optional = false
default_features = true

[package.dependency.source]
kind = "workspace-member"
directory = "crates/vthread"
requirement = "=0.0.2-rc.1"
