# This file is generated by `zrail update`; do not edit by hand.
schema = 3
semantics = 4
producer = "0.0.3-rc.5"
contract_sha256 = "5148db58e10b05e972f6ea9916b90d3259b7eeb2ff314b58f8769475ec2c24d3"
ratchet = []

[analysis]
inventory_sha256 = "fb490fa805c5485ab160fcccac41ec9d3616ce861516d8920733c2b9ee811cce"
exclusions_sha256 = "e3b0c44298fc1c149afbf4c8996fb92427ae41e4649b934ca495991b7852b855"
cargo_lock_sha256 = "da8e958417ac5d9a2c7750372b22a7e73d7a2850f98d49b554c02c6b26fad5f8"
cargo_features_sha256 = "b7c6aaf3a163d2f10da67d14626b8040a623ec7b3c5af478eb06ceb9334688ab"
feature_worlds_sha256 = "e3b0c44298fc1c149afbf4c8996fb92427ae41e4649b934ca495991b7852b855"
feature_worlds = 0
packages = 4
targets = 5
physical_rust_files = 251
base_source_contexts = 367
derived_source_contexts = 0
source_facts = 71758
projection_queries = 443885
projected_facts = 13
unresolved_bindings = 0
analyzer_semantics = 4

[[analysis.contract_source]]
path = "zrail.toml"
sha256 = "5e6d5c71880a4109bf156f7f4ac34023eac5749f5442ee2cc0b04e049af90cd1"

[[package]]
name = "vthread"

[[package.dependency]]
alias = "libc"
name = "libc"
kind = "normal"
scope = "external"
optional = false
default_features = true

[package.dependency.source]
kind = "registry"
requirement = "=0.2.189"

[[package.dependency]]
alias = "socket2"
name = "socket2"
kind = "normal"
scope = "external"
optional = false
default_features = false

[package.dependency.source]
kind = "registry"
requirement = "=0.6.5"

[[package.dependency]]
alias = "vthread-stack"
name = "vthread-stack"
crate_root = "vthread_stack"
kind = "normal"
scope = "internal"
optional = false
default_features = true

[package.dependency.source]
kind = "workspace-member"
directory = "crates/vthread-stack"
requirement = "0.0.1"

[[package.dependency]]
alias = "zio"
name = "zio"
kind = "normal"
scope = "external"
optional = false
default_features = false

[package.dependency.source]
kind = "registry"
requirement = "=0.0.1-dev.1"

[[package]]
name = "vthread-lab"

[[package.dependency]]
alias = "vthread"
name = "vthread"
crate_root = "vthread"
kind = "normal"
scope = "internal"
optional = false
default_features = true

[package.dependency.source]
kind = "workspace-member"
directory = "crates/vthread"
requirement = "0.0.1"

[[package]]
name = "vthread-stack"

[[package.dependency]]
alias = "corosensei"
name = "corosensei"
kind = "normal"
scope = "external"
optional = false
default_features = true

[package.dependency.source]
kind = "registry"
requirement = "=0.3.4"

[[package]]
name = "vthreads"

[[package.dependency]]
alias = "vthread"
name = "vthread"
crate_root = "vthread"
kind = "normal"
scope = "internal"
optional = false
default_features = true

[package.dependency.source]
kind = "workspace-member"
directory = "crates/vthread"
requirement = "=0.0.1"
