# This file is generated by `zrail update`; do not edit by hand.
schema = 3
semantics = 4
producer = "0.0.3-rc.5"
contract_sha256 = "fd36742cf540d1361356956503127948cd71323f78018c8aa7b7386a652007d9"
ratchet = []

[analysis]
inventory_sha256 = "f3dd5153abcf3cb858b39f7eaaf9dde164ad76b04ba631f2e3100658becbfcc7"
exclusions_sha256 = "e3b0c44298fc1c149afbf4c8996fb92427ae41e4649b934ca495991b7852b855"
cargo_lock_sha256 = "20b7d3277365cb32f2786ac76cad04ec2891e99b991eaec9bb535a6c0fbb0e7e"
cargo_features_sha256 = "c8c3ae783795fefa2eaaf8ac7fda3383de6ec0a9e9edcd82e8b540419e320b56"
feature_worlds_sha256 = "864a6d19f460aa9b9460f8375e9ac99d93e1fc09112fa246d08c6b224dc8c51b"
feature_worlds = 3
packages = 4
targets = 5
physical_rust_files = 351
base_source_contexts = 1512
derived_source_contexts = 0
source_facts = 109348
projection_queries = 2047014
projected_facts = 29
unresolved_bindings = 0
analyzer_semantics = 4

[[analysis.contract_source]]
path = "zrail.toml"
sha256 = "158cfb0fc2ad8368651ad8bab83560ecdde2336459ff672dc34090e092f7f287"

[[package]]
name = "vthread"

[[package.dependency]]
alias = "crossbeam-queue"
name = "crossbeam-queue"
kind = "normal"
scope = "external"
optional = false
default_features = true

[package.dependency.source]
kind = "registry"
requirement = "=0.3.13"

[[package.dependency]]
alias = "libc"
name = "libc"
kind = "normal"
scope = "external"
optional = false
default_features = true

[package.dependency.source]
kind = "registry"
requirement = "=0.2.189"

[[package.dependency]]
alias = "socket2"
name = "socket2"
kind = "normal"
scope = "external"
optional = false
default_features = false

[package.dependency.source]
kind = "registry"
requirement = "=0.6.5"

[[package.dependency]]
alias = "vthread-stack"
name = "vthread-stack"
crate_root = "vthread_stack"
kind = "normal"
scope = "internal"
optional = false
default_features = true

[package.dependency.source]
kind = "workspace-member"
directory = "crates/vthread-stack"
requirement = "=0.0.2-rc.1"

[[package.dependency]]
alias = "zio"
name = "zio"
kind = "normal"
scope = "external"
optional = false
default_features = false

[package.dependency.source]
kind = "registry"
requirement = "=0.0.1-dev.1"

[[package]]
name = "vthread-lab"

[[package.dependency]]
alias = "vthread"
name = "vthread"
crate_root = "vthread"
kind = "normal"
scope = "internal"
optional = false
default_features = true

[package.dependency.source]
kind = "workspace-member"
directory = "crates/vthread"
requirement = "=0.0.2-rc.1"

[[package]]
name = "vthread-stack"

[[package.dependency]]
alias = "libc"
name = "libc"
kind = "normal"
scope = "external"
optional = false
default_features = true

[package.dependency.source]
kind = "registry"
requirement = "=0.2.189"

[[package]]
name = "vthreads"

[[package.dependency]]
alias = "vthread"
name = "vthread"
crate_root = "vthread"
kind = "normal"
scope = "internal"
optional = false
default_features = true

[package.dependency.source]
kind = "workspace-member"
directory = "crates/vthread"
requirement = "=0.0.2-rc.1"
